// !$*UTF8*$!
{
	archiveVersion = 1;
	classes = {
	};
	objectVersion = 56;
	objects = {

/* Begin PBXBuildFile section */
		7DF86A91299F430A00BD4385 /* AppDelegate.swift in Sources */ = {isa = PBXBuildFile; fileRef = 7DF86A90299F430A00BD4385 /* AppDelegate.swift */; };
		7DF86A93299F430A00BD4385 /* SceneDelegate.swift in Sources */ = {isa = PBXBuildFile; fileRef = 7DF86A92299F430A00BD4385 /* SceneDelegate.swift */; };
		7DF86A95299F430A00BD4385 /* ViewController.swift in Sources */ = {isa = PBXBuildFile; fileRef = 7DF86A94299F430A00BD4385 /* ViewController.swift */; };
		7DF86A98299F430A00BD4385 /* Main.storyboard in Resources */ = {isa = PBXBuildFile; fileRef = 7DF86A96299F430A00BD4385 /* Main.storyboard */; };
		7DF86A9A299F430B00BD4385 /* Assets.xcassets in Resources */ = {isa = PBXBuildFile; fileRef = 7DF86A99299F430B00BD4385 /* Assets.xcassets */; };
		7DF86A9D299F430B00BD4385 /* LaunchScreen.storyboard in Resources */ = {isa = PBXBuildFile; fileRef = 7DF86A9B299F430B00BD4385 /* LaunchScreen.storyboard */; };
		7DF86AA8299F430C00BD4385 /* VirtualClosetTests.swift in Sources */ = {isa = PBXBuildFile; fileRef = 7DF86AA7299F430C00BD4385 /* VirtualClosetTests.swift */; };
		7DF86AB2299F430C00BD4385 /* VirtualClosetUITests.swift in Sources */ = {isa = PBXBuildFile; fileRef = 7DF86AB1299F430C00BD4385 /* VirtualClosetUITests.swift */; };
		7DF86AB4299F430C00BD4385 /* VirtualClosetUITestsLaunchTests.swift in Sources */ = {isa = PBXBuildFile; fileRef = 7DF86AB3299F430C00BD4385 /* VirtualClosetUITestsLaunchTests.swift */; };
/* End PBXBuildFile section */

/* Begin PBXContainerItemProxy section */
		7DF86AA4299F430C00BD4385 /* PBXContainerItemProxy */ = {
			isa = PBXContainerItemProxy;
			containerPortal = 7DF86A85299F430A00BD4385 /* Project object */;
			proxyType = 1;
			remoteGlobalIDString = 7DF86A8C299F430A00BD4385;
			remoteInfo = VirtualCloset;
		};
		7DF86AAE299F430C00BD4385 /* PBXContainerItemProxy */ = {
			isa = PBXContainerItemProxy;
			containerPortal = 7DF86A85299F430A00BD4385 /* Project object */;
			proxyType = 1;
			remoteGlobalIDString = 7DF86A8C299F430A00BD4385;
			remoteInfo = VirtualCloset;
		};
/* End PBXContainerItemProxy section */

/* Begin PBXFileReference section */
		7DF86A8D299F430A00BD4385 /* VirtualCloset.app */ = {isa = PBXFileReference; explicitFileType = wrapper.application; includeInIndex = 0; path = VirtualCloset.app; sourceTree = BUILT_PRODUCTS_DIR; };
		7DF86A90299F430A00BD4385 /* AppDelegate.swift */ = {isa = PBXFileReference; lastKnownFileType = sourcecode.swift; path = AppDelegate.swift; sourceTree = "<group>"; };
		7DF86A92299F430A00BD4385 /* SceneDelegate.swift */ = {isa = PBXFileReference; lastKnownFileType = sourcecode.swift; path = SceneDelegate.swift; sourceTree = "<group>"; };
		7DF86A94299F430A00BD4385 /* ViewController.swift */ = {isa = PBXFileReference; lastKnownFileType = sourcecode.swift; path = ViewController.swift; sourceTree = "<group>"; };
		7DF86A97299F430A00BD4385 /* Base */ = {isa = PBXFileReference; lastKnownFileType = file.storyboard; name = Base; path = Base.lproj/Main.storyboard; sourceTree = "<group>"; };
		7DF86A99299F430B00BD4385 /* Assets.xcassets */ = {isa = PBXFileReference; lastKnownFileType = folder.assetcatalog; path = Assets.xcassets; sourceTree = "<group>"; };
		7DF86A9C299F430B00BD4385 /* Base */ = {isa = PBXFileReference; lastKnownFileType = file.storyboard; name = Base; path = Base.lproj/LaunchScreen.storyboard; sourceTree = "<group>"; };
		7DF86A9E299F430B00BD4385 /* Info.plist */ = {isa = PBXFileReference; lastKnownFileType = text.plist.xml; path = Info.plist; sourceTree = "<group>"; };
		7DF86AA3299F430C00BD4385 /* VirtualClosetTests.xctest */ = {isa = PBXFileReference; explicitFileType = wrapper.cfbundle; includeInIndex = 0; path = VirtualClosetTests.xctest; sourceTree = BUILT_PRODUCTS_DIR; };
		7DF86AA7299F430C00BD4385 /* VirtualClosetTests.swift */ = {isa = PBXFileReference; lastKnownFileType = sourcecode.swift; path = VirtualClosetTests.swift; sourceTree = "<group>"; };
		7DF86AAD299F430C00BD4385 /* VirtualClosetUITests.xctest */ = {isa = PBXFileReference; explicitFileType = wrapper.cfbundle; includeInIndex = 0; path = VirtualClosetUITests.xctest; sourceTree = BUILT_PRODUCTS_DIR; };
		7DF86AB1299F430C00BD4385 /* VirtualClosetUITests.swift */ = {isa = PBXFileReference; lastKnownFileType = sourcecode.swift; path = VirtualClosetUITests.swift; sourceTree = "<group>"; };
		7DF86AB3299F430C00BD4385 /* VirtualClosetUITestsLaunchTests.swift */ = {isa = PBXFileReference; lastKnownFileType = sourcecode.swift; path = VirtualClosetUITestsLaunchTests.swift; sourceTree = "<group>"; };
/* End PBXFileReference section */

/* Begin PBXFrameworksBuildPhase section */
		7DF86A8A299F430A00BD4385 /* Frameworks */ = {
			isa = PBXFrameworksBuildPhase;
			buildActionMask = 2147483647;
			files = (
			);
			runOnlyForDeploymentPostprocessing = 0;
		};
		7DF86AA0299F430C00BD4385 /* Frameworks */ = {
			isa = PBXFrameworksBuildPhase;
			buildActionMask = 2147483647;
			files = (
			);
			runOnlyForDeploymentPostprocessing = 0;
		};
		7DF86AAA299F430C00BD4385 /* Frameworks */ = {
			isa = PBXFrameworksBuildPhase;
			buildActionMask = 2147483647;
			files = (
			);
			runOnlyForDeploymentPostprocessing = 0;
		};
/* End PBXFrameworksBuildPhase section */

/* Begin PBXGroup section */
		7DF86A84299F430A00BD4385 = {
			isa = PBXGroup;
			children = (
				7DF86A8F299F430A00BD4385 /* VirtualCloset */,
				7DF86AA6299F430C00BD4385 /* VirtualClosetTests */,
				7DF86AB0299F430C00BD4385 /* VirtualClosetUITests */,
				7DF86A8E299F430A00BD4385 /* Products */,
			);
			sourceTree = "<group>";
		};
		7DF86A8E299F430A00BD4385 /* Products */ = {
			isa = PBXGroup;
			children = (
				7DF86A8D299F430A00BD4385 /* VirtualCloset.app */,
				7DF86AA3299F430C00BD4385 /* VirtualClosetTests.xctest */,
				7DF86AAD299F430C00BD4385 /* VirtualClosetUITests.xctest */,
			);
			name = Products;
			sourceTree = "<group>";
		};
		7DF86A8F299F430A00BD4385 /* VirtualCloset */ = {
			isa = PBXGroup;
			children = (
				7DF86A90299F430A00BD4385 /* AppDelegate.swift */,
				7DF86A92299F430A00BD4385 /* SceneDelegate.swift */,
				7DF86A94299F430A00BD4385 /* ViewController.swift */,
				7DF86A96299F430A00BD4385 /* Main.storyboard */,
				7DF86A99299F430B00BD4385 /* Assets.xcassets */,
				7DF86A9B299F430B00BD4385 /* LaunchScreen.storyboard */,
				7DF86A9E299F430B00BD4385 /* Info.plist */,
			);
			path = VirtualCloset;
			sourceTree = "<group>";
		};
		7DF86AA6299F430C00BD4385 /* VirtualClosetTests */ = {
			isa = PBXGroup;
			children = (
				7DF86AA7299F430C00BD4385 /* VirtualClosetTests.swift */,
			);
			path = VirtualClosetTests;
			sourceTree = "<group>";
		};
		7DF86AB0299F430C00BD4385 /* VirtualClosetUITests */ = {
			isa = PBXGroup;
			children = (
				7DF86AB1299F430C00BD4385 /* VirtualClosetUITests.swift */,
				7DF86AB3299F430C00BD4385 /* VirtualClosetUITestsLaunchTests.swift */,
			);
			path = VirtualClosetUITests;
			sourceTree = "<group>";
		};
/* End PBXGroup section */

/* Begin PBXNativeTarget section */
		7DF86A8C299F430A00BD4385 /* VirtualCloset */ = {
			isa = PBXNativeTarget;
			buildConfigurationList = 7DF86AB7299F430C00BD4385 /* Build configuration list for PBXNativeTarget "VirtualCloset" */;
			buildPhases = (
				7DF86A89299F430A00BD4385 /* Sources */,
				7DF86A8A299F430A00BD4385 /* Frameworks */,
				7DF86A8B299F430A00BD4385 /* Resources */,
			);
			buildRules = (
			);
			dependencies = (
			);
			name = VirtualCloset;
			productName = VirtualCloset;
			productReference = 7DF86A8D299F430A00BD4385 /* VirtualCloset.app */;
			productType = "com.apple.product-type.application";
		};
		7DF86AA2299F430C00BD4385 /* VirtualClosetTests */ = {
			isa = PBXNativeTarget;
			buildConfigurationList = 7DF86ABA299F430C00BD4385 /* Build configuration list for PBXNativeTarget "VirtualClosetTests" */;
			buildPhases = (
				7DF86A9F299F430C00BD4385 /* Sources */,
				7DF86AA0299F430C00BD4385 /* Frameworks */,
				7DF86AA1299F430C00BD4385 /* Resources */,
			);
			buildRules = (
			);
			dependencies = (
				7DF86AA5299F430C00BD4385 /* PBXTargetDependency */,
			);
			name = VirtualClosetTests;
			productName = VirtualClosetTests;
			productReference = 7DF86AA3299F430C00BD4385 /* VirtualClosetTests.xctest */;
			productType = "com.apple.product-type.bundle.unit-test";
		};
		7DF86AAC299F430C00BD4385 /* VirtualClosetUITests */ = {
			isa = PBXNativeTarget;
			buildConfigurationList = 7DF86ABD299F430C00BD4385 /* Build configuration list for PBXNativeTarget "VirtualClosetUITests" */;
			buildPhases = (
				7DF86AA9299F430C00BD4385 /* Sources */,
				7DF86AAA299F430C00BD4385 /* Frameworks */,
				7DF86AAB299F430C00BD4385 /* Resources */,
			);
			buildRules = (
			);
			dependencies = (
				7DF86AAF299F430C00BD4385 /* PBXTargetDependency */,
			);
			name = VirtualClosetUITests;
			productName = VirtualClosetUITests;
			productReference = 7DF86AAD299F430C00BD4385 /* VirtualClosetUITests.xctest */;
			productType = "com.apple.product-type.bundle.ui-testing";
		};
/* End PBXNativeTarget section */

/* Begin PBXProject section */
		7DF86A85299F430A00BD4385 /* Project object */ = {
			isa = PBXProject;
			attributes = {
				BuildIndependentTargetsInParallel = 1;
				LastSwiftUpdateCheck = 1420;
				LastUpgradeCheck = 1420;
				TargetAttributes = {
					7DF86A8C299F430A00BD4385 = {
						CreatedOnToolsVersion = 14.2;
					};
					7DF86AA2299F430C00BD4385 = {
						CreatedOnToolsVersion = 14.2;
						TestTargetID = 7DF86A8C299F430A00BD4385;
					};
					7DF86AAC299F430C00BD4385 = {
						CreatedOnToolsVersion = 14.2;
						TestTargetID = 7DF86A8C299F430A00BD4385;
					};
				};
			};
			buildConfigurationList = 7DF86A88299F430A00BD4385 /* Build configuration list for PBXProject "VirtualCloset" */;
			compatibilityVersion = "Xcode 14.0";
			developmentRegion = en;
			hasScannedForEncodings = 0;
			knownRegions = (
				en,
				Base,
			);
			mainGroup = 7DF86A84299F430A00BD4385;
			productRefGroup = 7DF86A8E299F430A00BD4385 /* Products */;
			projectDirPath = "";
			projectRoot = "";
			targets = (
				7DF86A8C299F430A00BD4385 /* VirtualCloset */,
				7DF86AA2299F430C00BD4385 /* VirtualClosetTests */,
				7DF86AAC299F430C00BD4385 /* VirtualClosetUITests */,
			);
		};
/* End PBXProject section */

/* Begin PBXResourcesBuildPhase section */
		7DF86A8B299F430A00BD4385 /* Resources */ = {
			isa = PBXResourcesBuildPhase;
			buildActionMask = 2147483647;
			files = (
				7DF86A9D299F430B00BD4385 /* LaunchScreen.storyboard in Resources */,
				7DF86A9A299F430B00BD4385 /* Assets.xcassets in Resources */,
				7DF86A98299F430A00BD4385 /* Main.storyboard in Resources */,
			);
			runOnlyForDeploymentPostprocessing = 0;
		};
		7DF86AA1299F430C00BD4385 /* Resources */ = {
			isa = PBXResourcesBuildPhase;
			buildActionMask = 2147483647;
			files = (
			);
			runOnlyForDeploymentPostprocessing = 0;
		};
		7DF86AAB299F430C00BD4385 /* Resources */ = {
			isa = PBXResourcesBuildPhase;
			buildActionMask = 2147483647;
			files = (
			);
			runOnlyForDeploymentPostprocessing = 0;
		};
/* End PBXResourcesBuildPhase section */

/* Begin PBXSourcesBuildPhase section */
		7DF86A89299F430A00BD4385 /* Sources */ = {
			isa = PBXSourcesBuildPhase;
			buildActionMask = 2147483647;
			files = (
				7DF86A95299F430A00BD4385 /* ViewController.swift in Sources */,
				7DF86A91299F430A00BD4385 /* AppDelegate.swift in Sources */,
				7DF86A93299F430A00BD4385 /* SceneDelegate.swift in Sources */,
			);
			runOnlyForDeploymentPostprocessing = 0;
		};
		7DF86A9F299F430C00BD4385 /* Sources */ = {
			isa = PBXSourcesBuildPhase;
			buildActionMask = 2147483647;
			files = (
				7DF86AA8299F430C00BD4385 /* VirtualClosetTests.swift in Sources */,
			);
			runOnlyForDeploymentPostprocessing = 0;
		};
		7DF86AA9299F430C00BD4385 /* Sources */ = {
			isa = PBXSourcesBuildPhase;
			buildActionMask = 2147483647;
			files = (
				7DF86AB4299F430C00BD4385 /* VirtualClosetUITestsLaunchTests.swift in Sources */,
				7DF86AB2299F430C00BD4385 /* VirtualClosetUITests.swift in Sources */,
			);
			runOnlyForDeploymentPostprocessing = 0;
		};
/* End PBXSourcesBuildPhase section */

/* Begin PBXTargetDependency section */
		7DF86AA5299F430C00BD4385 /* PBXTargetDependency */ = {
			isa = PBXTargetDependency;
			target = 7DF86A8C299F430A00BD4385 /* VirtualCloset */;
			targetProxy = 7DF86AA4299F430C00BD4385 /* PBXContainerItemProxy */;
		};
		7DF86AAF299F430C00BD4385 /* PBXTargetDependency */ = {
			isa = PBXTargetDependency;
			target = 7DF86A8C299F430A00BD4385 /* VirtualCloset */;
			targetProxy = 7DF86AAE299F430C00BD4385 /* PBXContainerItemProxy */;
		};
/* End PBXTargetDependency section */

/* Begin PBXVariantGroup section */
		7DF86A96299F430A00BD4385 /* Main.storyboard */ = {
			isa = PBXVariantGroup;
			children = (
				7DF86A97299F430A00BD4385 /* Base */,
			);
			name = Main.storyboard;
			sourceTree = "<group>";
		};
		7DF86A9B299F430B00BD4385 /* LaunchScreen.storyboard */ = {
			isa = PBXVariantGroup;
			children = (
				7DF86A9C299F430B00BD4385 /* Base */,
			);
			name = LaunchScreen.storyboard;
			sourceTree = "<group>";
		};
/* End PBXVariantGroup section */

/* Begin XCBuildConfiguration section */
		7DF86AB5299F430C00BD4385 /* Debug */ = {
			isa = XCBuildConfiguration;
			buildSettings = {
				ALWAYS_SEARCH_USER_PATHS = NO;
				CLANG_ANALYZER_NONNULL = YES;
				CLANG_ANALYZER_NUMBER_OBJECT_CONVERSION = YES_AGGRESSIVE;
				CLANG_CXX_LANGUAGE_STANDARD = "gnu++20";
				CLANG_ENABLE_MODULES = YES;
				CLANG_ENABLE_OBJC_ARC = YES;
				CLANG_ENABLE_OBJC_WEAK = YES;
				CLANG_WARN_BLOCK_CAPTURE_AUTORELEASING = YES;
				CLANG_WARN_BOOL_CONVERSION = YES;
				CLANG_WARN_COMMA = YES;
				CLANG_WARN_CONSTANT_CONVERSION = YES;
				CLANG_WARN_DEPRECATED_OBJC_IMPLEMENTATIONS = YES;
				CLANG_WARN_DIRECT_OBJC_ISA_USAGE = YES_ERROR;
				CLANG_WARN_DOCUMENTATION_COMMENTS = YES;
				CLANG_WARN_EMPTY_BODY = YES;
				CLANG_WARN_ENUM_CONVERSION = YES;
				CLANG_WARN_INFINITE_RECURSION = YES;
				CLANG_WARN_INT_CONVERSION = YES;
				CLANG_WARN_NON_LITERAL_NULL_CONVERSION = YES;
				CLANG_WARN_OBJC_IMPLICIT_RETAIN_SELF = YES;
				CLANG_WARN_OBJC_LITERAL_CONVERSION = YES;
				CLANG_WARN_OBJC_ROOT_CLASS = YES_ERROR;
				CLANG_WARN_QUOTED_INCLUDE_IN_FRAMEWORK_HEADER = YES;
				CLANG_WARN_RANGE_LOOP_ANALYSIS = YES;
				CLANG_WARN_STRICT_PROTOTYPES = YES;
				CLANG_WARN_SUSPICIOUS_MOVE = YES;
				CLANG_WARN_UNGUARDED_AVAILABILITY = YES_AGGRESSIVE;
				CLANG_WARN_UNREACHABLE_CODE = YES;
				CLANG_WARN__DUPLICATE_METHOD_MATCH = YES;
				COPY_PHASE_STRIP = NO;
				DEBUG_INFORMATION_FORMAT = dwarf;
				ENABLE_STRICT_OBJC_MSGSEND = YES;
				ENABLE_TESTABILITY = YES;
				GCC_C_LANGUAGE_STANDARD = gnu11;
				GCC_DYNAMIC_NO_PIC = NO;
				GCC_NO_COMMON_BLOCKS = YES;
				GCC_OPTIMIZATION_LEVEL = 0;
				GCC_PREPROCESSOR_DEFINITIONS = (
					"DEBUG=1",
					"$(inherited)",
				);
				GCC_WARN_64_TO_32_BIT_CONVERSION = YES;
				GCC_WARN_ABOUT_RETURN_TYPE = YES_ERROR;
				GCC_WARN_UNDECLARED_SELECTOR = YES;
				GCC_WARN_UNINITIALIZED_AUTOS = YES_AGGRESSIVE;
				GCC_WARN_UNUSED_FUNCTION = YES;
				GCC_WARN_UNUSED_VARIABLE = YES;
				IPHONEOS_DEPLOYMENT_TARGET = 16.2;
				MTL_ENABLE_DEBUG_INFO = INCLUDE_SOURCE;
				MTL_FAST_MATH = YES;
				ONLY_ACTIVE_ARCH = YES;
				SDKROOT = iphoneos;
				SWIFT_ACTIVE_COMPILATION_CONDITIONS = DEBUG;
				SWIFT_OPTIMIZATION_LEVEL = "-Onone";
			};
			name = Debug;
		};
		7DF86AB6299F430C00BD4385 /* Release */ = {
			isa = XCBuildConfiguration;
			buildSettings = {
				ALWAYS_SEARCH_USER_PATHS = NO;
				CLANG_ANALYZER_NONNULL = YES;
				CLANG_ANALYZER_NUMBER_OBJECT_CONVERSION = YES_AGGRESSIVE;
				CLANG_CXX_LANGUAGE_STANDARD = "gnu++20";
				CLANG_ENABLE_MODULES = YES;
				CLANG_ENABLE_OBJC_ARC = YES;
				CLANG_ENABLE_OBJC_WEAK = YES;
				CLANG_WARN_BLOCK_CAPTURE_AUTORELEASING = YES;
				CLANG_WARN_BOOL_CONVERSION = YES;
				CLANG_WARN_COMMA = YES;
				CLANG_WARN_CONSTANT_CONVERSION = YES;
				CLANG_WARN_DEPRECATED_OBJC_IMPLEMENTATIONS = YES;
				CLANG_WARN_DIRECT_OBJC_ISA_USAGE = YES_ERROR;
				CLANG_WARN_DOCUMENTATION_COMMENTS = YES;
				CLANG_WARN_EMPTY_BODY = YES;
				CLANG_WARN_ENUM_CONVERSION = YES;
				CLANG_WARN_INFINITE_RECURSION = YES;
				CLANG_WARN_INT_CONVERSION = YES;
				CLANG_WARN_NON_LITERAL_NULL_CONVERSION = YES;
				CLANG_WARN_OBJC_IMPLICIT_RETAIN_SELF = YES;
				CLANG_WARN_OBJC_LITERAL_CONVERSION = YES;
				CLANG_WARN_OBJC_ROOT_CLASS = YES_ERROR;
				CLANG_WARN_QUOTED_INCLUDE_IN_FRAMEWORK_HEADER = YES;
				CLANG_WARN_RANGE_LOOP_ANALYSIS = YES;
				CLANG_WARN_STRICT_PROTOTYPES = YES;
				CLANG_WARN_SUSPICIOUS_MOVE = YES;
				CLANG_WARN_UNGUARDED_AVAILABILITY = YES_AGGRESSIVE;
				CLANG_WARN_UNREACHABLE_CODE = YES;
				CLANG_WARN__DUPLICATE_METHOD_MATCH = YES;
				COPY_PHASE_STRIP = NO;
				DEBUG_INFORMATION_FORMAT = "dwarf-with-dsym";
				ENABLE_NS_ASSERTIONS = NO;
				ENABLE_STRICT_OBJC_MSGSEND = YES;
				GCC_C_LANGUAGE_STANDARD = gnu11;
				GCC_NO_COMMON_BLOCKS = YES;
				GCC_WARN_64_TO_32_BIT_CONVERSION = YES;
				GCC_WARN_ABOUT_RETURN_TYPE = YES_ERROR;
				GCC_WARN_UNDECLARED_SELECTOR = YES;
				GCC_WARN_UNINITIALIZED_AUTOS = YES_AGGRESSIVE;
				GCC_WARN_UNUSED_FUNCTION = YES;
				GCC_WARN_UNUSED_VARIABLE = YES;
				IPHONEOS_DEPLOYMENT_TARGET = 16.2;
				MTL_ENABLE_DEBUG_INFO = NO;
				MTL_FAST_MATH = YES;
				SDKROOT = iphoneos;
				SWIFT_COMPILATION_MODE = wholemodule;
				SWIFT_OPTIMIZATION_LEVEL = "-O";
				VALIDATE_PRODUCT = YES;
			};
			name = Release;
		};
		7DF86AB8299F430C00BD4385 /* Debug */ = {
			isa = XCBuildConfiguration;
			buildSettings = {
				ASSETCATALOG_COMPILER_APPICON_NAME = AppIcon;
				ASSETCATALOG_COMPILER_GLOBAL_ACCENT_COLOR_NAME = AccentColor;
				CODE_SIGN_STYLE = Automatic;
				CURRENT_PROJECT_VERSION = 1;
				GENERATE_INFOPLIST_FILE = YES;
				INFOPLIST_FILE = VirtualCloset/Info.plist;
				INFOPLIST_KEY_UIApplicationSupportsIndirectInputEvents = YES;
				INFOPLIST_KEY_UILaunchStoryboardName = LaunchScreen;
				INFOPLIST_KEY_UIMainStoryboardFile = Main;
				INFOPLIST_KEY_UISupportedInterfaceOrientations_iPad = "UIInterfaceOrientationPortrait UIInterfaceOrientationPortraitUpsideDown UIInterfaceOrientationLandscapeLeft UIInterfaceOrientationLandscapeRight";
				INFOPLIST_KEY_UISupportedInterfaceOrientations_iPhone = "UIInterfaceOrientationPortrait UIInterfaceOrientationLandscapeLeft UIInterfaceOrientationLandscapeRight";
				LD_RUNPATH_SEARCH_PATHS = (
					"$(inherited)",
					"@executable_path/Frameworks",
				);
				MARKETING_VERSION = 1.0;
				PRODUCT_BUNDLE_IDENTIFIER = ca.sheridancollege.capstone2023.Group1.VirtualCloset;
				PRODUCT_NAME = "$(TARGET_NAME)";
				SWIFT_EMIT_LOC_STRINGS = YES;
				SWIFT_VERSION = 5.0;
				TARGETED_DEVICE_FAMILY = "1,2";
			};
			name = Debug;
		};
		7DF86AB9299F430C00BD4385 /* Release */ = {
			isa = XCBuildConfiguration;
			buildSettings = {
				ASSETCATALOG_COMPILER_APPICON_NAME = AppIcon;
				ASSETCATALOG_COMPILER_GLOBAL_ACCENT_COLOR_NAME = AccentColor;
				CODE_SIGN_STYLE = Automatic;
				CURRENT_PROJECT_VERSION = 1;
				GENERATE_INFOPLIST_FILE = YES;
				INFOPLIST_FILE = VirtualCloset/Info.plist;
				INFOPLIST_KEY_UIApplicationSupportsIndirectInputEvents = YES;
				INFOPLIST_KEY_UILaunchStoryboardName = LaunchScreen;
				INFOPLIST_KEY_UIMainStoryboardFile = Main;
				INFOPLIST_KEY_UISupportedInterfaceOrientations_iPad = "UIInterfaceOrientationPortrait UIInterfaceOrientationPortraitUpsideDown UIInterfaceOrientationLandscapeLeft UIInterfaceOrientationLandscapeRight";
				INFOPLIST_KEY_UISupportedInterfaceOrientations_iPhone = "UIInterfaceOrientationPortrait UIInterfaceOrientationLandscapeLeft UIInterfaceOrientationLandscapeRight";
				LD_RUNPATH_SEARCH_PATHS = (
					"$(inherited)",
					"@executable_path/Frameworks",
				);
				MARKETING_VERSION = 1.0;
				PRODUCT_BUNDLE_IDENTIFIER = ca.sheridancollege.capstone2023.Group1.VirtualCloset;
				PRODUCT_NAME = "$(TARGET_NAME)";
				SWIFT_EMIT_LOC_STRINGS = YES;
				SWIFT_VERSION = 5.0;
				TARGETED_DEVICE_FAMILY = "1,2";
			};
			name = Release;
		};
		7DF86ABB299F430C00BD4385 /* Debug */ = {
			isa = XCBuildConfiguration;
			buildSettings = {
				ALWAYS_EMBED_SWIFT_STANDARD_LIBRARIES = YES;
				BUNDLE_LOADER = "$(TEST_HOST)";
				CODE_SIGN_STYLE = Automatic;
				CURRENT_PROJECT_VERSION = 1;
				GENERATE_INFOPLIST_FILE = YES;
				IPHONEOS_DEPLOYMENT_TARGET = 16.2;
				MARKETING_VERSION = 1.0;
				PRODUCT_BUNDLE_IDENTIFIER = ca.sheridancollege.capstone2023.Group1.VirtualClosetTests;
				PRODUCT_NAME = "$(TARGET_NAME)";
				SWIFT_EMIT_LOC_STRINGS = NO;
				SWIFT_VERSION = 5.0;
				TARGETED_DEVICE_FAMILY = "1,2";
				TEST_HOST = "$(BUILT_PRODUCTS_DIR)/VirtualCloset.app/$(BUNDLE_EXECUTABLE_FOLDER_PATH)/VirtualCloset";
			};
			name = Debug;
		};
		7DF86ABC299F430C00BD4385 /* Release */ = {
			isa = XCBuildConfiguration;
			buildSettings = {
				ALWAYS_EMBED_SWIFT_STANDARD_LIBRARIES = YES;
				BUNDLE_LOADER = "$(TEST_HOST)";
				CODE_SIGN_STYLE = Automatic;
				CURRENT_PROJECT_VERSION = 1;
				GENERATE_INFOPLIST_FILE = YES;
				IPHONEOS_DEPLOYMENT_TARGET = 16.2;
				MARKETING_VERSION = 1.0;
				PRODUCT_BUNDLE_IDENTIFIER = ca.sheridancollege.capstone2023.Group1.VirtualClosetTests;
				PRODUCT_NAME = "$(TARGET_NAME)";
				SWIFT_EMIT_LOC_STRINGS = NO;
				SWIFT_VERSION = 5.0;
				TARGETED_DEVICE_FAMILY = "1,2";
				TEST_HOST = "$(BUILT_PRODUCTS_DIR)/VirtualCloset.app/$(BUNDLE_EXECUTABLE_FOLDER_PATH)/VirtualCloset";
			};
			name = Release;
		};
		7DF86ABE299F430C00BD4385 /* Debug */ = {
			isa = XCBuildConfiguration;
			buildSettings = {
				ALWAYS_EMBED_SWIFT_STANDARD_LIBRARIES = YES;
				CODE_SIGN_STYLE = Automatic;
				CURRENT_PROJECT_VERSION = 1;
				GENERATE_INFOPLIST_FILE = YES;
				MARKETING_VERSION = 1.0;
				PRODUCT_BUNDLE_IDENTIFIER = ca.sheridancollege.capstone2023.Group1.VirtualClosetUITests;
				PRODUCT_NAME = "$(TARGET_NAME)";
				SWIFT_EMIT_LOC_STRINGS = NO;
				SWIFT_VERSION = 5.0;
				TARGETED_DEVICE_FAMILY = "1,2";
				TEST_TARGET_NAME = VirtualCloset;
			};
			name = Debug;
		};
		7DF86ABF299F430C00BD4385 /* Release */ = {
			isa = XCBuildConfiguration;
			buildSettings = {
				ALWAYS_EMBED_SWIFT_STANDARD_LIBRARIES = YES;
				CODE_SIGN_STYLE = Automatic;
				CURRENT_PROJECT_VERSION = 1;
				GENERATE_INFOPLIST_FILE = YES;
				MARKETING_VERSION = 1.0;
				PRODUCT_BUNDLE_IDENTIFIER = ca.sheridancollege.capstone2023.Group1.VirtualClosetUITests;
				PRODUCT_NAME = "$(TARGET_NAME)";
				SWIFT_EMIT_LOC_STRINGS = NO;
				SWIFT_VERSION = 5.0;
				TARGETED_DEVICE_FAMILY = "1,2";
				TEST_TARGET_NAME = VirtualCloset;
			};
			name = Release;
		};
/* End XCBuildConfiguration section */

/* Begin XCConfigurationList section */
		7DF86A88299F430A00BD4385 /* Build configuration list for PBXProject "VirtualCloset" */ = {
			isa = XCConfigurationList;
			buildConfigurations = (
				7DF86AB5299F430C00BD4385 /* Debug */,
				7DF86AB6299F430C00BD4385 /* Release */,
			);
			defaultConfigurationIsVisible = 0;
			defaultConfigurationName = Release;
		};
		7DF86AB7299F430C00BD4385 /* Build configuration list for PBXNativeTarget "VirtualCloset" */ = {
			isa = XCConfigurationList;
			buildConfigurations = (
				7DF86AB8299F430C00BD4385 /* Debug */,
				7DF86AB9299F430C00BD4385 /* Release */,
			);
			defaultConfigurationIsVisible = 0;
			defaultConfigurationName = Release;
		};
		7DF86ABA299F430C00BD4385 /* Build configuration list for PBXNativeTarget "VirtualClosetTests" */ = {
			isa = XCConfigurationList;
			buildConfigurations = (
				7DF86ABB299F430C00BD4385 /* Debug */,
				7DF86ABC299F430C00BD4385 /* Release */,
			);
			defaultConfigurationIsVisible = 0;
			defaultConfigurationName = Release;
		};
		7DF86ABD299F430C00BD4385 /* Build configuration list for PBXNativeTarget "VirtualClosetUITests" */ = {
			isa = XCConfigurationList;
			buildConfigurations = (
				7DF86ABE299F430C00BD4385 /* Debug */,
				7DF86ABF299F430C00BD4385 /* Release */,
			);
			defaultConfigurationIsVisible = 0;
			defaultConfigurationName = Release;
		};
/* End XCConfigurationList section */
	};
	rootObject = 7DF86A85299F430A00BD4385 /* Project object */;
}
